
Microsoft Visual Studio Solution File, Format Version 12.00
# Visual Studio Version 17
VisualStudioVersion = 17.5.33502.453
MinimumVisualStudioVersion = 10.0.40219.1
Project("{FAE04EC0-301F-11D3-BF4B-00C04F79EFBC}") = "PCSIDemo", "PCSIDemo\PCSIDemo.csproj", "{B51246E7-AA69-4F06-8E0B-159C06D27FC8}"
EndProject
Global
	GlobalSection(SolutionConfigurationPlatforms) = preSolution
		Debug|Any CPU = Debug|Any CPU
		Release|Any CPU = Release|Any CPU
	EndGlobalSection
	GlobalSection(ProjectConfigurationPlatforms) = postSolution
		{B51246E7-AA69-4F06-8E0B-159C06D27FC8}.Debug|Any CPU.ActiveCfg = Debug|Any CPU
		{B51246E7-AA69-4F06-8E0B-159C06D27FC8}.Debug|Any CPU.Build.0 = Debug|Any CPU
		{B51246E7-AA69-4F06-8E0B-159C06D27FC8}.Release|Any CPU.ActiveCfg = Release|Any CPU
		{B51246E7-AA69-4F06-8E0B-159C06D27FC8}.Release|Any CPU.Build.0 = Release|Any CPU
	EndGlobalSection
	GlobalSection(SolutionProperties) = preSolution
		HideSolutionNode = FALSE
	EndGlobalSection
	GlobalSection(ExtensibilityGlobals) = postSolution
		SolutionGuid = {40A07AD5-BD99-419F-969A-DF078A120253}
	EndGlobalSection
EndGlobal
